
Microsoft Visual Studio Solution File, Format Version 12.00
# Visual Studio Version 16
VisualStudioVersion = 16.0.31729.503
MinimumVisualStudioVersion = 10.0.40219.1
Project("{FAE04EC0-301F-11D3-BF4B-00C04F79EFBC}") = "ContosoUniversity", "ContosoUniversity\ContosoUniversity.csproj", "{739725CA-DCD1-4F5A-BE89-3D62D77DE0DD}"
EndProject
Global
	GlobalSection(SolutionConfigurationPlatforms) = preSolution
		Debug|Any CPU = Debug|Any CPU
		Release|Any CPU = Release|Any CPU
	EndGlobalSection
	GlobalSection(ProjectConfigurationPlatforms) = postSolution
		{739725CA-DCD1-4F5A-BE89-3D62D77DE0DD}.Debug|Any CPU.ActiveCfg = Debug|Any CPU
		{739725CA-DCD1-4F5A-BE89-3D62D77DE0DD}.Debug|Any CPU.Build.0 = Debug|Any CPU
		{739725CA-DCD1-4F5A-BE89-3D62D77DE0DD}.Release|Any CPU.ActiveCfg = Release|Any CPU
		{739725CA-DCD1-4F5A-BE89-3D62D77DE0DD}.Release|Any CPU.Build.0 = Release|Any CPU
	EndGlobalSection
	GlobalSection(SolutionProperties) = preSolution
		HideSolutionNode = FALSE
	EndGlobalSection
	GlobalSection(ExtensibilityGlobals) = postSolution
		SolutionGuid = {C463CD56-B0E3-4420-B207-C13D2CF541B7}
	EndGlobalSection
EndGlobal
